
Microsoft Visual Studio Solution File, Format Version 12.00
# Visual Studio 15
VisualStudioVersion = 15.0.28307.572
MinimumVisualStudioVersion = 10.0.40219.1
Project("{9A19103F-16F7-4668-BE54-9A1E7A4F7556}") = "AspCoreAndAngularQuiz", "AspCoreAndAngularQuiz\AspCoreAndAngularQuiz.csproj", "{AC12911C-0CE7-45CE-8DA4-FF848EA190F6}"
EndProject
Project("{FAE04EC0-301F-11D3-BF4B-00C04F79EFBC}") = "BusinessLogic", "BusinessLogic\BusinessLogic.csproj", "{18A9C799-9AA6-4584-ACE3-C60B29F597CD}"
EndProject
Project("{FAE04EC0-301F-11D3-BF4B-00C04F79EFBC}") = "DataAccessLayer", "DataAccessLayer\DataAccessLayer.csproj", "{1B21BC36-605D-4DEB-AFA8-FAE43C277E8B}"
EndProject
Project("{FAE04EC0-301F-11D3-BF4B-00C04F79EFBC}") = "Common", "Common\Common.csproj", "{B8781F9F-3052-4734-A36B-812359BB3EF2}"
EndProject
Global
	GlobalSection(SolutionConfigurationPlatforms) = preSolution
		Debug|Any CPU = Debug|Any CPU
		Release|Any CPU = Release|Any CPU
	EndGlobalSection
	GlobalSection(ProjectConfigurationPlatforms) = postSolution
		{AC12911C-0CE7-45CE-8DA4-FF848EA190F6}.Debug|Any CPU.ActiveCfg = Debug|Any CPU
		{AC12911C-0CE7-45CE-8DA4-FF848EA190F6}.Debug|Any CPU.Build.0 = Debug|Any CPU
		{AC12911C-0CE7-45CE-8DA4-FF848EA190F6}.Release|Any CPU.ActiveCfg = Release|Any CPU
		{AC12911C-0CE7-45CE-8DA4-FF848EA190F6}.Release|Any CPU.Build.0 = Release|Any CPU
		{18A9C799-9AA6-4584-ACE3-C60B29F597CD}.Debug|Any CPU.ActiveCfg = Debug|Any CPU
		{18A9C799-9AA6-4584-ACE3-C60B29F597CD}.Debug|Any CPU.Build.0 = Debug|Any CPU
		{18A9C799-9AA6-4584-ACE3-C60B29F597CD}.Release|Any CPU.ActiveCfg = Release|Any CPU
		{18A9C799-9AA6-4584-ACE3-C60B29F597CD}.Release|Any CPU.Build.0 = Release|Any CPU
		{1B21BC36-605D-4DEB-AFA8-FAE43C277E8B}.Debug|Any CPU.ActiveCfg = Debug|Any CPU
		{1B21BC36-605D-4DEB-AFA8-FAE43C277E8B}.Debug|Any CPU.Build.0 = Debug|Any CPU
		{1B21BC36-605D-4DEB-AFA8-FAE43C277E8B}.Release|Any CPU.ActiveCfg = Release|Any CPU
		{1B21BC36-605D-4DEB-AFA8-FAE43C277E8B}.Release|Any CPU.Build.0 = Release|Any CPU
		{B8781F9F-3052-4734-A36B-812359BB3EF2}.Debug|Any CPU.ActiveCfg = Debug|Any CPU
		{B8781F9F-3052-4734-A36B-812359BB3EF2}.Debug|Any CPU.Build.0 = Debug|Any CPU
		{B8781F9F-3052-4734-A36B-812359BB3EF2}.Release|Any CPU.ActiveCfg = Release|Any CPU
		{B8781F9F-3052-4734-A36B-812359BB3EF2}.Release|Any CPU.Build.0 = Release|Any CPU
	EndGlobalSection
	GlobalSection(SolutionProperties) = preSolution
		HideSolutionNode = FALSE
	EndGlobalSection
	GlobalSection(ExtensibilityGlobals) = postSolution
		SolutionGuid = {D615456E-C51B-4F66-AA64-4CC1B35592AE}
	EndGlobalSection
EndGlobal
